
Microsoft Visual Studio Solution File, Format Version 12.00
# Visual Studio 15
VisualStudioVersion = 15.0.27703.2000
MinimumVisualStudioVersion = 10.0.40219.1
Project("{888888A0-9F3D-457C-B088-3A5042F75D52}") = "dat", "dat\dat.pyproj", "{B876D479-1584-4CBB-9DC4-B5DFD271D4AF}"
EndProject
Project("{888888A0-9F3D-457C-B088-3A5042F75D52}") = "binfont", "binfont\binfont.pyproj", "{DFB2ED58-86F0-4898-846F-020B80EA30AD}"
EndProject
Project("{888888A0-9F3D-457C-B088-3A5042F75D52}") = "lang", "lang\lang.pyproj", "{B90C12E6-EB25-46C1-8838-C9C0951E9051}"
EndProject
Project("{888888A0-9F3D-457C-B088-3A5042F75D52}") = "general", "general\general.pyproj", "{823477AD-3E42-4198-938F-8BF78A8E5F87}"
EndProject
Global
	GlobalSection(SolutionConfigurationPlatforms) = preSolution
		Debug|Any CPU = Debug|Any CPU
		Release|Any CPU = Release|Any CPU
	EndGlobalSection
	GlobalSection(ProjectConfigurationPlatforms) = postSolution
		{B876D479-1584-4CBB-9DC4-B5DFD271D4AF}.Debug|Any CPU.ActiveCfg = Debug|Any CPU
		{B876D479-1584-4CBB-9DC4-B5DFD271D4AF}.Release|Any CPU.ActiveCfg = Release|Any CPU
		{DFB2ED58-86F0-4898-846F-020B80EA30AD}.Debug|Any CPU.ActiveCfg = Debug|Any CPU
		{DFB2ED58-86F0-4898-846F-020B80EA30AD}.Release|Any CPU.ActiveCfg = Release|Any CPU
		{B90C12E6-EB25-46C1-8838-C9C0951E9051}.Debug|Any CPU.ActiveCfg = Debug|Any CPU
		{B90C12E6-EB25-46C1-8838-C9C0951E9051}.Release|Any CPU.ActiveCfg = Release|Any CPU
		{823477AD-3E42-4198-938F-8BF78A8E5F87}.Debug|Any CPU.ActiveCfg = Debug|Any CPU
		{823477AD-3E42-4198-938F-8BF78A8E5F87}.Release|Any CPU.ActiveCfg = Release|Any CPU
	EndGlobalSection
	GlobalSection(SolutionProperties) = preSolution
		HideSolutionNode = FALSE
	EndGlobalSection
	GlobalSection(ExtensibilityGlobals) = postSolution
		SolutionGuid = {DACCC3E3-A0D8-43F6-8AF7-BFFAC970FF74}
	EndGlobalSection
EndGlobal
