
Microsoft Visual Studio Solution File, Format Version 12.00
# Visual Studio 15
VisualStudioVersion = 15.0.27703.2000
MinimumVisualStudioVersion = 10.0.40219.1
Project("{888888A0-9F3D-457C-B088-3A5042F75D52}") = "dat", "dat.pyproj", "{B876D479-1584-4CBB-9DC4-B5DFD271D4AF}"
EndProject
Global
	GlobalSection(SolutionConfigurationPlatforms) = preSolution
		Debug|Any CPU = Debug|Any CPU
		Release|Any CPU = Release|Any CPU
	EndGlobalSection
	GlobalSection(ProjectConfigurationPlatforms) = postSolution
		{B876D479-1584-4CBB-9DC4-B5DFD271D4AF}.Debug|Any CPU.ActiveCfg = Debug|Any CPU
		{B876D479-1584-4CBB-9DC4-B5DFD271D4AF}.Release|Any CPU.ActiveCfg = Release|Any CPU
	EndGlobalSection
	GlobalSection(SolutionProperties) = preSolution
		HideSolutionNode = FALSE
	EndGlobalSection
	GlobalSection(ExtensibilityGlobals) = postSolution
		SolutionGuid = {A747A6C0-2A06-4C50-9DFA-0D2E5EDE6590}
	EndGlobalSection
EndGlobal
