
Microsoft Visual Studio Solution File, Format Version 12.00
# Visual Studio 15
VisualStudioVersion = 15.0.27428.2015
MinimumVisualStudioVersion = 10.0.40219.1
Project("{888888A0-9F3D-457C-B088-3A5042F75D52}") = "binfont", "binfont.pyproj", "{DFB2ED58-86F0-4898-846F-020B80EA30AD}"
EndProject
Global
	GlobalSection(SolutionConfigurationPlatforms) = preSolution
		Debug|Any CPU = Debug|Any CPU
		Release|Any CPU = Release|Any CPU
	EndGlobalSection
	GlobalSection(ProjectConfigurationPlatforms) = postSolution
		{DFB2ED58-86F0-4898-846F-020B80EA30AD}.Debug|Any CPU.ActiveCfg = Debug|Any CPU
		{DFB2ED58-86F0-4898-846F-020B80EA30AD}.Release|Any CPU.ActiveCfg = Release|Any CPU
	EndGlobalSection
	GlobalSection(SolutionProperties) = preSolution
		HideSolutionNode = FALSE
	EndGlobalSection
	GlobalSection(ExtensibilityGlobals) = postSolution
		SolutionGuid = {E7600EF8-2267-4E6B-9F98-D73C6A8871F6}
	EndGlobalSection
EndGlobal
